<?xml version="1.0" encoding="utf-8"?>
<Project ToolsVersion="4.0" xmlns="http://schemas.microsoft.com/developer/msbuild/2003">
  <ItemGroup>
    <ClCompile Include="Source.cpp" />
    <ClCompile Include="Sphere.cpp" />
    <ClCompile Include="Triangle.cpp" />
    <ClCompile Include="Camera.cpp" />
    <ClCompile Include="Globals.cpp" />
    <ClCompile Include="Materials.cpp" />
    <ClCompile Include="WorkerThreads.cpp" />
  </ItemGroup>
  <ItemGroup>
    <ClInclude Include="Vector3.h" />
    <ClInclude Include="Ray.h" />
    <ClInclude Include="Primitive.h" />
    <ClInclude Include="PrimitiveList.h" />
    <ClInclude Include="Sphere.h" />
    <ClInclude Include="Camera.h" />
    <ClInclude Include="Materials.h" />
    <ClInclude Include="Vector3Simd.h" />
    <ClInclude Include="Triangle.h" />
    <ClInclude Include="Globals.h" />
    <ClInclude Include="WorkerThreads.h" />
  </ItemGroup>
</Project>