<?xml version="1.0" encoding="utf-8"?>
<Project ToolsVersion="4.0" xmlns="http://schemas.microsoft.com/developer/msbuild/2003">
  <ItemGroup>
    <ClCompile Include="AABB.cpp">
      <Filter>Source</Filter>
    </ClCompile>
    <ClCompile Include="Box.cpp">
      <Filter>Source</Filter>
    </ClCompile>
    <ClCompile Include="BVHNode.cpp">
      <Filter>Source</Filter>
    </ClCompile>
    <ClCompile Include="Camera.cpp">
      <Filter>Source</Filter>
    </ClCompile>
    <ClCompile Include="Globals.cpp">
      <Filter>Source</Filter>
    </ClCompile>
    <ClCompile Include="Materials.cpp">
      <Filter>Source</Filter>
    </ClCompile>
    <ClCompile Include="PrimitiveList.cpp">
      <Filter>Source</Filter>
    </ClCompile>
    <ClCompile Include="Rectangle.cpp">
      <Filter>Source</Filter>
    </ClCompile>
    <ClCompile Include="Source.cpp">
      <Filter>Source</Filter>
    </ClCompile>
    <ClCompile Include="Sphere.cpp">
      <Filter>Source</Filter>
    </ClCompile>
    <ClCompile Include="Triangle.cpp">
      <Filter>Source</Filter>
    </ClCompile>
    <ClCompile Include="WorkerThreads.cpp">
      <Filter>Source</Filter>
    </ClCompile>
    <ClCompile Include="ConstantMedium.cpp">
      <Filter>Source</Filter>
    </ClCompile>
  </ItemGroup>
  <ItemGroup>
    <ClInclude Include="AABB.h">
      <Filter>Header</Filter>
    </ClInclude>
    <ClInclude Include="Box.h">
      <Filter>Header</Filter>
    </ClInclude>
    <ClInclude Include="BVHNode.h">
      <Filter>Header</Filter>
    </ClInclude>
    <ClInclude Include="Camera.h">
      <Filter>Header</Filter>
    </ClInclude>
    <ClInclude Include="Globals.h">
      <Filter>Header</Filter>
    </ClInclude>
    <ClInclude Include="Materials.h">
      <Filter>Header</Filter>
    </ClInclude>
    <ClInclude Include="Primitive.h">
      <Filter>Header</Filter>
    </ClInclude>
    <ClInclude Include="PrimitiveList.h">
      <Filter>Header</Filter>
    </ClInclude>
    <ClInclude Include="Ray.h">
      <Filter>Header</Filter>
    </ClInclude>
    <ClInclude Include="Rectangle.h">
      <Filter>Header</Filter>
    </ClInclude>
    <ClInclude Include="DiffuseLight.h">
      <Filter>Header</Filter>
    </ClInclude>
    <ClInclude Include="Sphere.h">
      <Filter>Header</Filter>
    </ClInclude>
    <ClInclude Include="Triangle.h">
      <Filter>Header</Filter>
    </ClInclude>
    <ClInclude Include="Vector3.h">
      <Filter>Header</Filter>
    </ClInclude>
    <ClInclude Include="Vector3Simd.h">
      <Filter>Header</Filter>
    </ClInclude>
    <ClInclude Include="WorkerThreads.h">
      <Filter>Header</Filter>
    </ClInclude>
    <ClInclude Include="ConstantMedium.h" />
  </ItemGroup>
  <ItemGroup>
    <Filter Include="Header">
      <UniqueIdentifier>{fb381f2f-d833-4a1f-9b0c-2be141c89c6e}</UniqueIdentifier>
    </Filter>
    <Filter Include="Source">
      <UniqueIdentifier>{0a3678a6-dc16-4a03-90dd-fe3d2e0a4be4}</UniqueIdentifier>
    </Filter>
  </ItemGroup>
</Project>